
Microsoft Visual Studio Solution File, Format Version 12.00
# Visual Studio Version 17
VisualStudioVersion = 17.9.34728.123
MinimumVisualStudioVersion = 10.0.40219.1
Project("{FAE04EC0-301F-11D3-BF4B-00C04F79EFBC}") = "Database_Difference_App", "Database_Difference_App.csproj", "{D3C73277-4408-4DAC-995E-D71462959047}"
EndProject
Global
	GlobalSection(SolutionConfigurationPlatforms) = preSolution
		Debug|Any CPU = Debug|Any CPU
		Release|Any CPU = Release|Any CPU
	EndGlobalSection
	GlobalSection(ProjectConfigurationPlatforms) = postSolution
		{D3C73277-4408-4DAC-995E-D71462959047}.Debug|Any CPU.ActiveCfg = Debug|Any CPU
		{D3C73277-4408-4DAC-995E-D71462959047}.Debug|Any CPU.Build.0 = Debug|Any CPU
		{D3C73277-4408-4DAC-995E-D71462959047}.Release|Any CPU.ActiveCfg = Release|Any CPU
		{D3C73277-4408-4DAC-995E-D71462959047}.Release|Any CPU.Build.0 = Release|Any CPU
	EndGlobalSection
	GlobalSection(SolutionProperties) = preSolution
		HideSolutionNode = FALSE
	EndGlobalSection
	GlobalSection(ExtensibilityGlobals) = postSolution
		SolutionGuid = {19AE0392-82C9-4F8E-B2A9-DFAE86FD857C}
	EndGlobalSection
EndGlobal
